dependencies:
- name: kubeclarity
  repository: https://openclarity.github.io/kubeclarity
  version: v2.19.0
- name: keel
  repository: https://charts.keel.sh
  version: 1.0.2
- name: cert-manager
  repository: https://charts.jetstack.io
  version: v1.11.1
digest: sha256:4ef22071352fe984b0c5cf0d9436f48e4e721fa96375c4d59cc855c096649216
generated: "2023-06-22T07:30:19.8100391Z"
