dependencies:
- name: kubeclarity
  repository: https://openclarity.github.io/kubeclarity
  version: v2.18.0
- name: keel
  repository: https://charts.keel.sh
  version: 1.0.2
- name: cert-manager
  repository: https://charts.jetstack.io
  version: v1.11.1
digest: sha256:213616556c6f5d1b6a63e322eab998dbcbb8169de213b2321357c7ea7b7f1407
generated: "2023-05-16T13:34:01.943574209Z"
